
Microsoft Visual Studio Solution File, Format Version 12.00
# Visual Studio Version 16
VisualStudioVersion = 16.0.31911.196
MinimumVisualStudioVersion = 10.0.40219.1
Project("{9A19103F-16F7-4668-BE54-9A1E7A4F7556}") = "EncryptedMessaging", "EncryptedMessaging\EncryptedMessaging.csproj", "{EDBF38F8-84FB-4BBF-9ED9-45749434C657}"
EndProject
Project("{9A19103F-16F7-4668-BE54-9A1E7A4F7556}") = "CommunicationChannel", "CommunicationChannel\CommunicationChannel.csproj", "{8473EAE9-D4D2-4AD3-BE72-6F895CD0CC02}"
EndProject
Project("{9A19103F-16F7-4668-BE54-9A1E7A4F7556}") = "SecureStorage", "..\SecureStorageGit\SecureStorage\SecureStorage.csproj", "{45BEC1B6-4DE4-45F1-8A38-8325AB910C9B}"
EndProject
Global
	GlobalSection(SolutionConfigurationPlatforms) = preSolution
		DEBUG_A|Any CPU = DEBUG_A|Any CPU
		DEBUG_ALI|Any CPU = DEBUG_ALI|Any CPU
		DEBUG_AND|Any CPU = DEBUG_AND|Any CPU
		DEBUG_B|Any CPU = DEBUG_B|Any CPU
		DEBUG_FAI|Any CPU = DEBUG_FAI|Any CPU
		DEBUG_MUS|Any CPU = DEBUG_MUS|Any CPU
		DEBUG_RAM|Any CPU = DEBUG_RAM|Any CPU
		DEBUG_ZUB|Any CPU = DEBUG_ZUB|Any CPU
		Debug|Any CPU = Debug|Any CPU
		rDebug|Any CPU = rDebug|Any CPU
		Release|Any CPU = Release|Any CPU
	EndGlobalSection
	GlobalSection(ProjectConfigurationPlatforms) = postSolution
		{EDBF38F8-84FB-4BBF-9ED9-45749434C657}.DEBUG_A|Any CPU.ActiveCfg = DEBUG_A|Any CPU
		{EDBF38F8-84FB-4BBF-9ED9-45749434C657}.DEBUG_A|Any CPU.Build.0 = DEBUG_A|Any CPU
		{EDBF38F8-84FB-4BBF-9ED9-45749434C657}.DEBUG_ALI|Any CPU.ActiveCfg = DEBUG_ALI|Any CPU
		{EDBF38F8-84FB-4BBF-9ED9-45749434C657}.DEBUG_ALI|Any CPU.Build.0 = DEBUG_ALI|Any CPU
		{EDBF38F8-84FB-4BBF-9ED9-45749434C657}.DEBUG_AND|Any CPU.ActiveCfg = DEBUG_AND|Any CPU
		{EDBF38F8-84FB-4BBF-9ED9-45749434C657}.DEBUG_AND|Any CPU.Build.0 = DEBUG_AND|Any CPU
		{EDBF38F8-84FB-4BBF-9ED9-45749434C657}.DEBUG_B|Any CPU.ActiveCfg = DEBUG_B|Any CPU
		{EDBF38F8-84FB-4BBF-9ED9-45749434C657}.DEBUG_B|Any CPU.Build.0 = DEBUG_B|Any CPU
		{EDBF38F8-84FB-4BBF-9ED9-45749434C657}.DEBUG_FAI|Any CPU.ActiveCfg = DEBUG_FAI|Any CPU
		{EDBF38F8-84FB-4BBF-9ED9-45749434C657}.DEBUG_FAI|Any CPU.Build.0 = DEBUG_FAI|Any CPU
		{EDBF38F8-84FB-4BBF-9ED9-45749434C657}.DEBUG_MUS|Any CPU.ActiveCfg = DEBUG_MUS|Any CPU
		{EDBF38F8-84FB-4BBF-9ED9-45749434C657}.DEBUG_MUS|Any CPU.Build.0 = DEBUG_MUS|Any CPU
		{EDBF38F8-84FB-4BBF-9ED9-45749434C657}.DEBUG_RAM|Any CPU.ActiveCfg = DEBUG_RAM|Any CPU
		{EDBF38F8-84FB-4BBF-9ED9-45749434C657}.DEBUG_RAM|Any CPU.Build.0 = DEBUG_RAM|Any CPU
		{EDBF38F8-84FB-4BBF-9ED9-45749434C657}.DEBUG_ZUB|Any CPU.ActiveCfg = DEBUG_ZUB|Any CPU
		{EDBF38F8-84FB-4BBF-9ED9-45749434C657}.DEBUG_ZUB|Any CPU.Build.0 = DEBUG_ZUB|Any CPU
		{EDBF38F8-84FB-4BBF-9ED9-45749434C657}.Debug|Any CPU.ActiveCfg = Debug|Any CPU
		{EDBF38F8-84FB-4BBF-9ED9-45749434C657}.Debug|Any CPU.Build.0 = Debug|Any CPU
		{EDBF38F8-84FB-4BBF-9ED9-45749434C657}.rDebug|Any CPU.ActiveCfg = rDebug|Any CPU
		{EDBF38F8-84FB-4BBF-9ED9-45749434C657}.rDebug|Any CPU.Build.0 = rDebug|Any CPU
		{EDBF38F8-84FB-4BBF-9ED9-45749434C657}.Release|Any CPU.ActiveCfg = Release|Any CPU
		{EDBF38F8-84FB-4BBF-9ED9-45749434C657}.Release|Any CPU.Build.0 = Release|Any CPU
		{8473EAE9-D4D2-4AD3-BE72-6F895CD0CC02}.DEBUG_A|Any CPU.ActiveCfg = DEBUG_A|Any CPU
		{8473EAE9-D4D2-4AD3-BE72-6F895CD0CC02}.DEBUG_A|Any CPU.Build.0 = DEBUG_A|Any CPU
		{8473EAE9-D4D2-4AD3-BE72-6F895CD0CC02}.DEBUG_ALI|Any CPU.ActiveCfg = DEBUG_ALI|Any CPU
		{8473EAE9-D4D2-4AD3-BE72-6F895CD0CC02}.DEBUG_ALI|Any CPU.Build.0 = DEBUG_ALI|Any CPU
		{8473EAE9-D4D2-4AD3-BE72-6F895CD0CC02}.DEBUG_AND|Any CPU.ActiveCfg = DEBUG_AND|Any CPU
		{8473EAE9-D4D2-4AD3-BE72-6F895CD0CC02}.DEBUG_AND|Any CPU.Build.0 = DEBUG_AND|Any CPU
		{8473EAE9-D4D2-4AD3-BE72-6F895CD0CC02}.DEBUG_B|Any CPU.ActiveCfg = DEBUG_B|Any CPU
		{8473EAE9-D4D2-4AD3-BE72-6F895CD0CC02}.DEBUG_B|Any CPU.Build.0 = DEBUG_B|Any CPU
		{8473EAE9-D4D2-4AD3-BE72-6F895CD0CC02}.DEBUG_FAI|Any CPU.ActiveCfg = DEBUG_FAI|Any CPU
		{8473EAE9-D4D2-4AD3-BE72-6F895CD0CC02}.DEBUG_FAI|Any CPU.Build.0 = DEBUG_FAI|Any CPU
		{8473EAE9-D4D2-4AD3-BE72-6F895CD0CC02}.DEBUG_MUS|Any CPU.ActiveCfg = DEBUG_MUS|Any CPU
		{8473EAE9-D4D2-4AD3-BE72-6F895CD0CC02}.DEBUG_MUS|Any CPU.Build.0 = DEBUG_MUS|Any CPU
		{8473EAE9-D4D2-4AD3-BE72-6F895CD0CC02}.DEBUG_RAM|Any CPU.ActiveCfg = DEBUG_RAM|Any CPU
		{8473EAE9-D4D2-4AD3-BE72-6F895CD0CC02}.DEBUG_RAM|Any CPU.Build.0 = DEBUG_RAM|Any CPU
		{8473EAE9-D4D2-4AD3-BE72-6F895CD0CC02}.DEBUG_ZUB|Any CPU.ActiveCfg = DEBUG_ZUB|Any CPU
		{8473EAE9-D4D2-4AD3-BE72-6F895CD0CC02}.DEBUG_ZUB|Any CPU.Build.0 = DEBUG_ZUB|Any CPU
		{8473EAE9-D4D2-4AD3-BE72-6F895CD0CC02}.Debug|Any CPU.ActiveCfg = Debug|Any CPU
		{8473EAE9-D4D2-4AD3-BE72-6F895CD0CC02}.Debug|Any CPU.Build.0 = Debug|Any CPU
		{8473EAE9-D4D2-4AD3-BE72-6F895CD0CC02}.rDebug|Any CPU.ActiveCfg = rDebug|Any CPU
		{8473EAE9-D4D2-4AD3-BE72-6F895CD0CC02}.rDebug|Any CPU.Build.0 = rDebug|Any CPU
		{8473EAE9-D4D2-4AD3-BE72-6F895CD0CC02}.Release|Any CPU.ActiveCfg = Release|Any CPU
		{8473EAE9-D4D2-4AD3-BE72-6F895CD0CC02}.Release|Any CPU.Build.0 = Release|Any CPU
		{45BEC1B6-4DE4-45F1-8A38-8325AB910C9B}.DEBUG_A|Any CPU.ActiveCfg = DEBUG_A|Any CPU
		{45BEC1B6-4DE4-45F1-8A38-8325AB910C9B}.DEBUG_A|Any CPU.Build.0 = DEBUG_A|Any CPU
		{45BEC1B6-4DE4-45F1-8A38-8325AB910C9B}.DEBUG_ALI|Any CPU.ActiveCfg = DEBUG_ALI|Any CPU
		{45BEC1B6-4DE4-45F1-8A38-8325AB910C9B}.DEBUG_ALI|Any CPU.Build.0 = DEBUG_ALI|Any CPU
		{45BEC1B6-4DE4-45F1-8A38-8325AB910C9B}.DEBUG_AND|Any CPU.ActiveCfg = DEBUG_AND|Any CPU
		{45BEC1B6-4DE4-45F1-8A38-8325AB910C9B}.DEBUG_AND|Any CPU.Build.0 = DEBUG_AND|Any CPU
		{45BEC1B6-4DE4-45F1-8A38-8325AB910C9B}.DEBUG_B|Any CPU.ActiveCfg = DEBUG_B|Any CPU
		{45BEC1B6-4DE4-45F1-8A38-8325AB910C9B}.DEBUG_B|Any CPU.Build.0 = DEBUG_B|Any CPU
		{45BEC1B6-4DE4-45F1-8A38-8325AB910C9B}.DEBUG_FAI|Any CPU.ActiveCfg = DEBUG_FAI|Any CPU
		{45BEC1B6-4DE4-45F1-8A38-8325AB910C9B}.DEBUG_FAI|Any CPU.Build.0 = DEBUG_FAI|Any CPU
		{45BEC1B6-4DE4-45F1-8A38-8325AB910C9B}.DEBUG_MUS|Any CPU.ActiveCfg = DEBUG_MUS|Any CPU
		{45BEC1B6-4DE4-45F1-8A38-8325AB910C9B}.DEBUG_MUS|Any CPU.Build.0 = DEBUG_MUS|Any CPU
		{45BEC1B6-4DE4-45F1-8A38-8325AB910C9B}.DEBUG_RAM|Any CPU.ActiveCfg = DEBUG_RAM|Any CPU
		{45BEC1B6-4DE4-45F1-8A38-8325AB910C9B}.DEBUG_RAM|Any CPU.Build.0 = DEBUG_RAM|Any CPU
		{45BEC1B6-4DE4-45F1-8A38-8325AB910C9B}.DEBUG_ZUB|Any CPU.ActiveCfg = DEBUG_ZUB|Any CPU
		{45BEC1B6-4DE4-45F1-8A38-8325AB910C9B}.DEBUG_ZUB|Any CPU.Build.0 = DEBUG_ZUB|Any CPU
		{45BEC1B6-4DE4-45F1-8A38-8325AB910C9B}.Debug|Any CPU.ActiveCfg = Debug|Any CPU
		{45BEC1B6-4DE4-45F1-8A38-8325AB910C9B}.Debug|Any CPU.Build.0 = Debug|Any CPU
		{45BEC1B6-4DE4-45F1-8A38-8325AB910C9B}.rDebug|Any CPU.ActiveCfg = rDebug|Any CPU
		{45BEC1B6-4DE4-45F1-8A38-8325AB910C9B}.rDebug|Any CPU.Build.0 = rDebug|Any CPU
		{45BEC1B6-4DE4-45F1-8A38-8325AB910C9B}.Release|Any CPU.ActiveCfg = Release|Any CPU
		{45BEC1B6-4DE4-45F1-8A38-8325AB910C9B}.Release|Any CPU.Build.0 = Release|Any CPU
	EndGlobalSection
	GlobalSection(SolutionProperties) = preSolution
		HideSolutionNode = FALSE
	EndGlobalSection
	GlobalSection(ExtensibilityGlobals) = postSolution
		SolutionGuid = {271967FB-01DA-4DDF-9811-02392280CEBF}
	EndGlobalSection
EndGlobal
